{
  "name": "workos-passwordless-otp",
  "version": "1.0.0",
  "lockfileVersion": 3,
  "requires": true,
  "packages": {
    "": {
      "name": "workos-passwordless-otp",
      "version": "1.0.0",
      "dependencies": {
        "@workos-inc/node": "^9.3.1"
      }
    },
    "node_modules/@workos-inc/node": {
      "version": "9.3.1",
      "resolved": "https://registry.npmjs.org/@workos-inc/node/-/node-9.3.1.tgz",
      "integrity": "sha512-z6+V5lPAdEtJ2IklAsOUJWv5guihkMbtC8WHmLCKOJYLa/H0j9bRj/OmxTs7T+bzL2dhItxPRarhxlAAq/0jgQ==",
      "license": "MIT",
      "dependencies": {
        "eventemitter3": "^5.0.4"
      },
      "engines": {
        "node": ">=22.11.0"
      }
    },
    "node_modules/eventemitter3": {
      "version": "5.0.4",
      "resolved": "https://registry.npmjs.org/eventemitter3/-/eventemitter3-5.0.4.tgz",
      "integrity": "sha512-mlsTRyGaPBjPedk6Bvw+aqbsXDtoAyAzm5MO7JgU+yVRyMQ5O8bD4Kcci7BS85f93veegeCPkL8R4GLClnjLFw==",
      "license": "MIT"
    }
  }
}
