{
  "name": "project",
  "version": "1.0.0",
  "lockfileVersion": 3,
  "requires": true,
  "packages": {
    "": {
      "name": "project",
      "version": "1.0.0",
      "license": "ISC",
      "dependencies": {
        "@workos-inc/node": "^9.1.0"
      }
    },
    "node_modules/@workos-inc/node": {
      "version": "9.1.0",
      "resolved": "https://registry.npmjs.org/@workos-inc/node/-/node-9.1.0.tgz",
      "integrity": "sha512-moaQsCqnRqJS3AYMrST70lChSt3KI8J81C+PMNg0h67u5OqbHBVGZi8tEUVxughBfoQaRGgqgV+r/iFyWFFSPg==",
      "license": "MIT",
      "dependencies": {
        "eventemitter3": "^5.0.4"
      },
      "engines": {
        "node": ">=22.11.0"
      }
    },
    "node_modules/eventemitter3": {
      "version": "5.0.4",
      "resolved": "https://registry.npmjs.org/eventemitter3/-/eventemitter3-5.0.4.tgz",
      "integrity": "sha512-mlsTRyGaPBjPedk6Bvw+aqbsXDtoAyAzm5MO7JgU+yVRyMQ5O8bD4Kcci7BS85f93veegeCPkL8R4GLClnjLFw==",
      "license": "MIT"
    }
  }
}
